// !$*UTF8*$!
{
	archiveVersion = 1;
	classes = {
	};
	objectVersion = 50;
	objects = {

/* Begin PBXBuildFile section */
		2B7DD0ED21F05E1D0044A5EA /* MPHeader.swift in Sources */ = {isa = PBXBuildFile; fileRef = 2B7DD0EC21F05E1D0044A5EA /* MPHeader.swift */; };
		2BF6361C21E8408000D78D3C /* AppDelegate.swift in Sources */ = {isa = PBXBuildFile; fileRef = 2BF6361B21E8408000D78D3C /* AppDelegate.swift */; };
		2BF6361E21E8408000D78D3C /* ViewController.swift in Sources */ = {isa = PBXBuildFile; fileRef = 2BF6361D21E8408000D78D3C /* ViewController.swift */; };
		2BF6362121E8408000D78D3C /* Main.storyboard in Resources */ = {isa = PBXBuildFile; fileRef = 2BF6361F21E8408000D78D3C /* Main.storyboard */; };
		2BF6362321E8408200D78D3C /* Assets.xcassets in Resources */ = {isa = PBXBuildFile; fileRef = 2BF6362221E8408200D78D3C /* Assets.xcassets */; };
		2BF6363121E85C5B00D78D3C /* Info.plist in Resources */ = {isa = PBXBuildFile; fileRef = 2BF6362721E8408200D78D3C /* Info.plist */; };
		2BF6363221E85C6400D78D3C /* LaunchScreen.storyboard in Resources */ = {isa = PBXBuildFile; fileRef = 2BF6362421E8408200D78D3C /* LaunchScreen.storyboard */; };
		2BF6363521E85F6100D78D3C /* FreedomModuleViewController.swift in Sources */ = {isa = PBXBuildFile; fileRef = 2BF6363321E85F6100D78D3C /* FreedomModuleViewController.swift */; };
		2BF6363921E85F8400D78D3C /* LeftAndRightSymmetryViewController.swift in Sources */ = {isa = PBXBuildFile; fileRef = 2BF6363721E85F8400D78D3C /* LeftAndRightSymmetryViewController.swift */; };
		2BF6363A21E85F8400D78D3C /* LeftAndRightSymmetryViewController.xib in Resources */ = {isa = PBXBuildFile; fileRef = 2BF6363821E85F8400D78D3C /* LeftAndRightSymmetryViewController.xib */; };
		2BF6363D21E85F9700D78D3C /* CenterSymmetryViewController.swift in Sources */ = {isa = PBXBuildFile; fileRef = 2BF6363B21E85F9700D78D3C /* CenterSymmetryViewController.swift */; };
		2BF6363E21E85F9700D78D3C /* CenterSymmetryViewController.xib in Resources */ = {isa = PBXBuildFile; fileRef = 2BF6363C21E85F9700D78D3C /* CenterSymmetryViewController.xib */; };
		2BF6364121E85FB100D78D3C /* SymmetryRotationViewController.swift in Sources */ = {isa = PBXBuildFile; fileRef = 2BF6363F21E85FB100D78D3C /* SymmetryRotationViewController.swift */; };
		2BF6364221E85FB100D78D3C /* SymmetryRotationViewController.xib in Resources */ = {isa = PBXBuildFile; fileRef = 2BF6364021E85FB100D78D3C /* SymmetryRotationViewController.xib */; };
		2BF6364621E8617600D78D3C /* BaseViewController.swift in Sources */ = {isa = PBXBuildFile; fileRef = 2BF6364421E8617600D78D3C /* BaseViewController.swift */; };
		2BF6364921E877FD00D78D3C /* DrawLine.swift in Sources */ = {isa = PBXBuildFile; fileRef = 2BF6364821E877FD00D78D3C /* DrawLine.swift */; };
		2BF6364C21E8789A00D78D3C /* DrawLineInfo.swift in Sources */ = {isa = PBXBuildFile; fileRef = 2BF6364B21E8789A00D78D3C /* DrawLineInfo.swift */; };
		2BF6364E21E886FD00D78D3C /* FreedomDrawLine.swift in Sources */ = {isa = PBXBuildFile; fileRef = 2BF6364D21E886FD00D78D3C /* FreedomDrawLine.swift */; };
		2BF6365021E89C7300D78D3C /* FreedomModuleViewController.xib in Resources */ = {isa = PBXBuildFile; fileRef = 2BF6364F21E89C7300D78D3C /* FreedomModuleViewController.xib */; };
/* End PBXBuildFile section */

/* Begin PBXFileReference section */
		2B7DD0EC21F05E1D0044A5EA /* MPHeader.swift */ = {isa = PBXFileReference; lastKnownFileType = sourcecode.swift; path = MPHeader.swift; sourceTree = "<group>"; };
		2BF6361821E8408000D78D3C /* MiPanSky.app */ = {isa = PBXFileReference; explicitFileType = wrapper.application; includeInIndex = 0; path = MiPanSky.app; sourceTree = BUILT_PRODUCTS_DIR; };
		2BF6361B21E8408000D78D3C /* AppDelegate.swift */ = {isa = PBXFileReference; lastKnownFileType = sourcecode.swift; path = AppDelegate.swift; sourceTree = "<group>"; };
		2BF6361D21E8408000D78D3C /* ViewController.swift */ = {isa = PBXFileReference; lastKnownFileType = sourcecode.swift; path = ViewController.swift; sourceTree = "<group>"; };
		2BF6362021E8408000D78D3C /* Base */ = {isa = PBXFileReference; lastKnownFileType = file.storyboard; name = Base; path = Base.lproj/Main.storyboard; sourceTree = "<group>"; };
		2BF6362221E8408200D78D3C /* Assets.xcassets */ = {isa = PBXFileReference; lastKnownFileType = folder.assetcatalog; path = Assets.xcassets; sourceTree = "<group>"; };
		2BF6362521E8408200D78D3C /* Base */ = {isa = PBXFileReference; lastKnownFileType = file.storyboard; name = Base; path = Base.lproj/LaunchScreen.storyboard; sourceTree = "<group>"; };
		2BF6362721E8408200D78D3C /* Info.plist */ = {isa = PBXFileReference; lastKnownFileType = text.plist.xml; path = Info.plist; sourceTree = "<group>"; };
		2BF6363321E85F6100D78D3C /* FreedomModuleViewController.swift */ = {isa = PBXFileReference; lastKnownFileType = sourcecode.swift; path = FreedomModuleViewController.swift; sourceTree = "<group>"; };
		2BF6363721E85F8400D78D3C /* LeftAndRightSymmetryViewController.swift */ = {isa = PBXFileReference; lastKnownFileType = sourcecode.swift; path = LeftAndRightSymmetryViewController.swift; sourceTree = "<group>"; };
		2BF6363821E85F8400D78D3C /* LeftAndRightSymmetryViewController.xib */ = {isa = PBXFileReference; lastKnownFileType = file.xib; path = LeftAndRightSymmetryViewController.xib; sourceTree = "<group>"; };
		2BF6363B21E85F9700D78D3C /* CenterSymmetryViewController.swift */ = {isa = PBXFileReference; lastKnownFileType = sourcecode.swift; path = CenterSymmetryViewController.swift; sourceTree = "<group>"; };
		2BF6363C21E85F9700D78D3C /* CenterSymmetryViewController.xib */ = {isa = PBXFileReference; lastKnownFileType = file.xib; path = CenterSymmetryViewController.xib; sourceTree = "<group>"; };
		2BF6363F21E85FB100D78D3C /* SymmetryRotationViewController.swift */ = {isa = PBXFileReference; lastKnownFileType = sourcecode.swift; path = SymmetryRotationViewController.swift; sourceTree = "<group>"; };
		2BF6364021E85FB100D78D3C /* SymmetryRotationViewController.xib */ = {isa = PBXFileReference; lastKnownFileType = file.xib; path = SymmetryRotationViewController.xib; sourceTree = "<group>"; };
		2BF6364421E8617600D78D3C /* BaseViewController.swift */ = {isa = PBXFileReference; lastKnownFileType = sourcecode.swift; path = BaseViewController.swift; sourceTree = "<group>"; };
		2BF6364821E877FD00D78D3C /* DrawLine.swift */ = {isa = PBXFileReference; lastKnownFileType = sourcecode.swift; path = DrawLine.swift; sourceTree = "<group>"; };
		2BF6364B21E8789A00D78D3C /* DrawLineInfo.swift */ = {isa = PBXFileReference; lastKnownFileType = sourcecode.swift; path = DrawLineInfo.swift; sourceTree = "<group>"; };
		2BF6364D21E886FD00D78D3C /* FreedomDrawLine.swift */ = {isa = PBXFileReference; lastKnownFileType = sourcecode.swift; path = FreedomDrawLine.swift; sourceTree = "<group>"; };
		2BF6364F21E89C7300D78D3C /* FreedomModuleViewController.xib */ = {isa = PBXFileReference; fileEncoding = 4; lastKnownFileType = file.xib; path = FreedomModuleViewController.xib; sourceTree = "<group>"; };
/* End PBXFileReference section */

/* Begin PBXFrameworksBuildPhase section */
		2BF6361521E8408000D78D3C /* Frameworks */ = {
			isa = PBXFrameworksBuildPhase;
			buildActionMask = 2147483647;
			files = (
			);
			runOnlyForDeploymentPostprocessing = 0;
		};
/* End PBXFrameworksBuildPhase section */

/* Begin PBXGroup section */
		2BF6360F21E8408000D78D3C = {
			isa = PBXGroup;
			children = (
				2BF6361A21E8408000D78D3C /* MiPanSky */,
				2BF6361921E8408000D78D3C /* Products */,
			);
			sourceTree = "<group>";
		};
		2BF6361921E8408000D78D3C /* Products */ = {
			isa = PBXGroup;
			children = (
				2BF6361821E8408000D78D3C /* MiPanSky.app */,
			);
			name = Products;
			sourceTree = "<group>";
		};
		2BF6361A21E8408000D78D3C /* MiPanSky */ = {
			isa = PBXGroup;
			children = (
				2BF6362721E8408200D78D3C /* Info.plist */,
				2BF6361B21E8408000D78D3C /* AppDelegate.swift */,
				2BF6361F21E8408000D78D3C /* Main.storyboard */,
				2BF6362221E8408200D78D3C /* Assets.xcassets */,
				2BF6362421E8408200D78D3C /* LaunchScreen.storyboard */,
				2BF6362E21E85AFA00D78D3C /* M */,
				2BF6362F21E85B0300D78D3C /* V */,
				2BF6363021E85B0C00D78D3C /* C */,
				2BF6364321E85FB700D78D3C /* Resource */,
				2BF6364A21E8781400D78D3C /* Other */,
			);
			path = MiPanSky;
			sourceTree = "<group>";
		};
		2BF6362E21E85AFA00D78D3C /* M */ = {
			isa = PBXGroup;
			children = (
				2BF6364B21E8789A00D78D3C /* DrawLineInfo.swift */,
			);
			path = M;
			sourceTree = "<group>";
		};
		2BF6362F21E85B0300D78D3C /* V */ = {
			isa = PBXGroup;
			children = (
				2BF6364821E877FD00D78D3C /* DrawLine.swift */,
				2BF6364D21E886FD00D78D3C /* FreedomDrawLine.swift */,
			);
			path = V;
			sourceTree = "<group>";
		};
		2BF6363021E85B0C00D78D3C /* C */ = {
			isa = PBXGroup;
			children = (
				2BF6361D21E8408000D78D3C /* ViewController.swift */,
				2BF6363321E85F6100D78D3C /* FreedomModuleViewController.swift */,
				2BF6363721E85F8400D78D3C /* LeftAndRightSymmetryViewController.swift */,
				2BF6363B21E85F9700D78D3C /* CenterSymmetryViewController.swift */,
				2BF6363F21E85FB100D78D3C /* SymmetryRotationViewController.swift */,
				2BF6364421E8617600D78D3C /* BaseViewController.swift */,
			);
			path = C;
			sourceTree = "<group>";
		};
		2BF6364321E85FB700D78D3C /* Resource */ = {
			isa = PBXGroup;
			children = (
				2BF6364F21E89C7300D78D3C /* FreedomModuleViewController.xib */,
				2BF6363821E85F8400D78D3C /* LeftAndRightSymmetryViewController.xib */,
				2BF6363C21E85F9700D78D3C /* CenterSymmetryViewController.xib */,
				2BF6364021E85FB100D78D3C /* SymmetryRotationViewController.xib */,
			);
			path = Resource;
			sourceTree = "<group>";
		};
		2BF6364A21E8781400D78D3C /* Other */ = {
			isa = PBXGroup;
			children = (
				2B7DD0EC21F05E1D0044A5EA /* MPHeader.swift */,
			);
			path = Other;
			sourceTree = "<group>";
		};
/* End PBXGroup section */

/* Begin PBXNativeTarget section */
		2BF6361721E8408000D78D3C /* MiPanSky */ = {
			isa = PBXNativeTarget;
			buildConfigurationList = 2BF6362A21E8408200D78D3C /* Build configuration list for PBXNativeTarget "MiPanSky" */;
			buildPhases = (
				2BF6361421E8408000D78D3C /* Sources */,
				2BF6361521E8408000D78D3C /* Frameworks */,
				2BF6361621E8408000D78D3C /* Resources */,
			);
			buildRules = (
			);
			dependencies = (
			);
			name = MiPanSky;
			productName = MiPanSky;
			productReference = 2BF6361821E8408000D78D3C /* MiPanSky.app */;
			productType = "com.apple.product-type.application";
		};
/* End PBXNativeTarget section */

/* Begin PBXProject section */
		2BF6361021E8408000D78D3C /* Project object */ = {
			isa = PBXProject;
			attributes = {
				LastSwiftUpdateCheck = 1010;
				LastUpgradeCheck = 1010;
				ORGANIZATIONNAME = Z.chen;
				TargetAttributes = {
					2BF6361721E8408000D78D3C = {
						CreatedOnToolsVersion = 10.1;
					};
				};
			};
			buildConfigurationList = 2BF6361321E8408000D78D3C /* Build configuration list for PBXProject "MiPanSky" */;
			compatibilityVersion = "Xcode 9.3";
			developmentRegion = en;
			hasScannedForEncodings = 0;
			knownRegions = (
				en,
				Base,
			);
			mainGroup = 2BF6360F21E8408000D78D3C;
			productRefGroup = 2BF6361921E8408000D78D3C /* Products */;
			projectDirPath = "";
			projectRoot = "";
			targets = (
				2BF6361721E8408000D78D3C /* MiPanSky */,
			);
		};
/* End PBXProject section */

/* Begin PBXResourcesBuildPhase section */
		2BF6361621E8408000D78D3C /* Resources */ = {
			isa = PBXResourcesBuildPhase;
			buildActionMask = 2147483647;
			files = (
				2BF6363A21E85F8400D78D3C /* LeftAndRightSymmetryViewController.xib in Resources */,
				2BF6363221E85C6400D78D3C /* LaunchScreen.storyboard in Resources */,
				2BF6363121E85C5B00D78D3C /* Info.plist in Resources */,
				2BF6364221E85FB100D78D3C /* SymmetryRotationViewController.xib in Resources */,
				2BF6362321E8408200D78D3C /* Assets.xcassets in Resources */,
				2BF6362121E8408000D78D3C /* Main.storyboard in Resources */,
				2BF6363E21E85F9700D78D3C /* CenterSymmetryViewController.xib in Resources */,
				2BF6365021E89C7300D78D3C /* FreedomModuleViewController.xib in Resources */,
			);
			runOnlyForDeploymentPostprocessing = 0;
		};
/* End PBXResourcesBuildPhase section */

/* Begin PBXSourcesBuildPhase section */
		2BF6361421E8408000D78D3C /* Sources */ = {
			isa = PBXSourcesBuildPhase;
			buildActionMask = 2147483647;
			files = (
				2BF6364121E85FB100D78D3C /* SymmetryRotationViewController.swift in Sources */,
				2BF6363921E85F8400D78D3C /* LeftAndRightSymmetryViewController.swift in Sources */,
				2BF6364E21E886FD00D78D3C /* FreedomDrawLine.swift in Sources */,
				2BF6361E21E8408000D78D3C /* ViewController.swift in Sources */,
				2BF6364C21E8789A00D78D3C /* DrawLineInfo.swift in Sources */,
				2BF6363521E85F6100D78D3C /* FreedomModuleViewController.swift in Sources */,
				2BF6361C21E8408000D78D3C /* AppDelegate.swift in Sources */,
				2BF6364621E8617600D78D3C /* BaseViewController.swift in Sources */,
				2BF6363D21E85F9700D78D3C /* CenterSymmetryViewController.swift in Sources */,
				2BF6364921E877FD00D78D3C /* DrawLine.swift in Sources */,
				2B7DD0ED21F05E1D0044A5EA /* MPHeader.swift in Sources */,
			);
			runOnlyForDeploymentPostprocessing = 0;
		};
/* End PBXSourcesBuildPhase section */

/* Begin PBXVariantGroup section */
		2BF6361F21E8408000D78D3C /* Main.storyboard */ = {
			isa = PBXVariantGroup;
			children = (
				2BF6362021E8408000D78D3C /* Base */,
			);
			name = Main.storyboard;
			sourceTree = "<group>";
		};
		2BF6362421E8408200D78D3C /* LaunchScreen.storyboard */ = {
			isa = PBXVariantGroup;
			children = (
				2BF6362521E8408200D78D3C /* Base */,
			);
			name = LaunchScreen.storyboard;
			sourceTree = "<group>";
		};
/* End PBXVariantGroup section */

/* Begin XCBuildConfiguration section */
		2BF6362821E8408200D78D3C /* Debug */ = {
			isa = XCBuildConfiguration;
			buildSettings = {
				ALWAYS_SEARCH_USER_PATHS = NO;
				CLANG_ANALYZER_NONNULL = YES;
				CLANG_ANALYZER_NUMBER_OBJECT_CONVERSION = YES_AGGRESSIVE;
				CLANG_CXX_LANGUAGE_STANDARD = "gnu++14";
				CLANG_CXX_LIBRARY = "libc++";
				CLANG_ENABLE_MODULES = YES;
				CLANG_ENABLE_OBJC_ARC = YES;
				CLANG_ENABLE_OBJC_WEAK = YES;
				CLANG_WARN_BLOCK_CAPTURE_AUTORELEASING = YES;
				CLANG_WARN_BOOL_CONVERSION = YES;
				CLANG_WARN_COMMA = YES;
				CLANG_WARN_CONSTANT_CONVERSION = YES;
				CLANG_WARN_DEPRECATED_OBJC_IMPLEMENTATIONS = YES;
				CLANG_WARN_DIRECT_OBJC_ISA_USAGE = YES_ERROR;
				CLANG_WARN_DOCUMENTATION_COMMENTS = YES;
				CLANG_WARN_EMPTY_BODY = YES;
				CLANG_WARN_ENUM_CONVERSION = YES;
				CLANG_WARN_INFINITE_RECURSION = YES;
				CLANG_WARN_INT_CONVERSION = YES;
				CLANG_WARN_NON_LITERAL_NULL_CONVERSION = YES;
				CLANG_WARN_OBJC_IMPLICIT_RETAIN_SELF = YES;
				CLANG_WARN_OBJC_LITERAL_CONVERSION = YES;
				CLANG_WARN_OBJC_ROOT_CLASS = YES_ERROR;
				CLANG_WARN_RANGE_LOOP_ANALYSIS = YES;
				CLANG_WARN_STRICT_PROTOTYPES = YES;
				CLANG_WARN_SUSPICIOUS_MOVE = YES;
				CLANG_WARN_UNGUARDED_AVAILABILITY = YES_AGGRESSIVE;
				CLANG_WARN_UNREACHABLE_CODE = YES;
				CLANG_WARN__DUPLICATE_METHOD_MATCH = YES;
				CODE_SIGN_IDENTITY = "iPhone Developer";
				COPY_PHASE_STRIP = NO;
				DEBUG_INFORMATION_FORMAT = dwarf;
				ENABLE_STRICT_OBJC_MSGSEND = YES;
				ENABLE_TESTABILITY = YES;
				GCC_C_LANGUAGE_STANDARD = gnu11;
				GCC_DYNAMIC_NO_PIC = NO;
				GCC_NO_COMMON_BLOCKS = YES;
				GCC_OPTIMIZATION_LEVEL = 0;
				GCC_PREPROCESSOR_DEFINITIONS = (
					"DEBUG=1",
					"$(inherited)",
				);
				GCC_WARN_64_TO_32_BIT_CONVERSION = YES;
				GCC_WARN_ABOUT_RETURN_TYPE = YES_ERROR;
				GCC_WARN_UNDECLARED_SELECTOR = YES;
				GCC_WARN_UNINITIALIZED_AUTOS = YES_AGGRESSIVE;
				GCC_WARN_UNUSED_FUNCTION = YES;
				GCC_WARN_UNUSED_VARIABLE = YES;
				IPHONEOS_DEPLOYMENT_TARGET = 12.1;
				MTL_ENABLE_DEBUG_INFO = INCLUDE_SOURCE;
				MTL_FAST_MATH = YES;
				ONLY_ACTIVE_ARCH = YES;
				SDKROOT = iphoneos;
				SWIFT_ACTIVE_COMPILATION_CONDITIONS = DEBUG;
				SWIFT_OPTIMIZATION_LEVEL = "-Onone";
			};
			name = Debug;
		};
		2BF6362921E8408200D78D3C /* Release */ = {
			isa = XCBuildConfiguration;
			buildSettings = {
				ALWAYS_SEARCH_USER_PATHS = NO;
				CLANG_ANALYZER_NONNULL = YES;
				CLANG_ANALYZER_NUMBER_OBJECT_CONVERSION = YES_AGGRESSIVE;
				CLANG_CXX_LANGUAGE_STANDARD = "gnu++14";
				CLANG_CXX_LIBRARY = "libc++";
				CLANG_ENABLE_MODULES = YES;
				CLANG_ENABLE_OBJC_ARC = YES;
				CLANG_ENABLE_OBJC_WEAK = YES;
				CLANG_WARN_BLOCK_CAPTURE_AUTORELEASING = YES;
				CLANG_WARN_BOOL_CONVERSION = YES;
				CLANG_WARN_COMMA = YES;
				CLANG_WARN_CONSTANT_CONVERSION = YES;
				CLANG_WARN_DEPRECATED_OBJC_IMPLEMENTATIONS = YES;
				CLANG_WARN_DIRECT_OBJC_ISA_USAGE = YES_ERROR;
				CLANG_WARN_DOCUMENTATION_COMMENTS = YES;
				CLANG_WARN_EMPTY_BODY = YES;
				CLANG_WARN_ENUM_CONVERSION = YES;
				CLANG_WARN_INFINITE_RECURSION = YES;
				CLANG_WARN_INT_CONVERSION = YES;
				CLANG_WARN_NON_LITERAL_NULL_CONVERSION = YES;
				CLANG_WARN_OBJC_IMPLICIT_RETAIN_SELF = YES;
				CLANG_WARN_OBJC_LITERAL_CONVERSION = YES;
				CLANG_WARN_OBJC_ROOT_CLASS = YES_ERROR;
				CLANG_WARN_RANGE_LOOP_ANALYSIS = YES;
				CLANG_WARN_STRICT_PROTOTYPES = YES;
				CLANG_WARN_SUSPICIOUS_MOVE = YES;
				CLANG_WARN_UNGUARDED_AVAILABILITY = YES_AGGRESSIVE;
				CLANG_WARN_UNREACHABLE_CODE = YES;
				CLANG_WARN__DUPLICATE_METHOD_MATCH = YES;
				CODE_SIGN_IDENTITY = "iPhone Developer";
				COPY_PHASE_STRIP = NO;
				DEBUG_INFORMATION_FORMAT = "dwarf-with-dsym";
				ENABLE_NS_ASSERTIONS = NO;
				ENABLE_STRICT_OBJC_MSGSEND = YES;
				GCC_C_LANGUAGE_STANDARD = gnu11;
				GCC_NO_COMMON_BLOCKS = YES;
				GCC_WARN_64_TO_32_BIT_CONVERSION = YES;
				GCC_WARN_ABOUT_RETURN_TYPE = YES_ERROR;
				GCC_WARN_UNDECLARED_SELECTOR = YES;
				GCC_WARN_UNINITIALIZED_AUTOS = YES_AGGRESSIVE;
				GCC_WARN_UNUSED_FUNCTION = YES;
				GCC_WARN_UNUSED_VARIABLE = YES;
				IPHONEOS_DEPLOYMENT_TARGET = 12.1;
				MTL_ENABLE_DEBUG_INFO = NO;
				MTL_FAST_MATH = YES;
				SDKROOT = iphoneos;
				SWIFT_COMPILATION_MODE = wholemodule;
				SWIFT_OPTIMIZATION_LEVEL = "-O";
				VALIDATE_PRODUCT = YES;
			};
			name = Release;
		};
		2BF6362B21E8408200D78D3C /* Debug */ = {
			isa = XCBuildConfiguration;
			buildSettings = {
				ASSETCATALOG_COMPILER_APPICON_NAME = AppIcon;
				CODE_SIGN_STYLE = Automatic;
				DEVELOPMENT_TEAM = 8F3KT864KL;
				INFOPLIST_FILE = MiPanSky/Info.plist;
				IPHONEOS_DEPLOYMENT_TARGET = 9.0;
				LD_RUNPATH_SEARCH_PATHS = (
					"$(inherited)",
					"@executable_path/Frameworks",
				);
				PRODUCT_BUNDLE_IDENTIFIER = zc.MiPanSky;
				PRODUCT_NAME = "$(TARGET_NAME)";
				SWIFT_VERSION = 4.2;
				TARGETED_DEVICE_FAMILY = "1,2";
			};
			name = Debug;
		};
		2BF6362C21E8408200D78D3C /* Release */ = {
			isa = XCBuildConfiguration;
			buildSettings = {
				ASSETCATALOG_COMPILER_APPICON_NAME = AppIcon;
				CODE_SIGN_STYLE = Automatic;
				DEVELOPMENT_TEAM = 8F3KT864KL;
				INFOPLIST_FILE = MiPanSky/Info.plist;
				IPHONEOS_DEPLOYMENT_TARGET = 9.0;
				LD_RUNPATH_SEARCH_PATHS = (
					"$(inherited)",
					"@executable_path/Frameworks",
				);
				PRODUCT_BUNDLE_IDENTIFIER = zc.MiPanSky;
				PRODUCT_NAME = "$(TARGET_NAME)";
				SWIFT_VERSION = 4.2;
				TARGETED_DEVICE_FAMILY = "1,2";
			};
			name = Release;
		};
/* End XCBuildConfiguration section */

/* Begin XCConfigurationList section */
		2BF6361321E8408000D78D3C /* Build configuration list for PBXProject "MiPanSky" */ = {
			isa = XCConfigurationList;
			buildConfigurations = (
				2BF6362821E8408200D78D3C /* Debug */,
				2BF6362921E8408200D78D3C /* Release */,
			);
			defaultConfigurationIsVisible = 0;
			defaultConfigurationName = Release;
		};
		2BF6362A21E8408200D78D3C /* Build configuration list for PBXNativeTarget "MiPanSky" */ = {
			isa = XCConfigurationList;
			buildConfigurations = (
				2BF6362B21E8408200D78D3C /* Debug */,
				2BF6362C21E8408200D78D3C /* Release */,
			);
			defaultConfigurationIsVisible = 0;
			defaultConfigurationName = Release;
		};
/* End XCConfigurationList section */
	};
	rootObject = 2BF6361021E8408000D78D3C /* Project object */;
}
